
Microsoft Visual Studio Solution File, Format Version 12.00
# Visual Studio Version 17
VisualStudioVersion = 17.5.33502.453
MinimumVisualStudioVersion = 10.0.40219.1
Project("{FAE04EC0-301F-11D3-BF4B-00C04F79EFBC}") = "DataLayer", "DataLayer\DataLayer.csproj", "{4B638625-2747-4252-B16D-D1D7E8B2CB54}"
EndProject
Project("{FAE04EC0-301F-11D3-BF4B-00C04F79EFBC}") = "InfoedukaWinForms", "InfoedukaWinForms\InfoedukaWinForms.csproj", "{839BDD7B-E8DA-42E5-8FE4-C5E3288B0876}"
EndProject
Global
	GlobalSection(SolutionConfigurationPlatforms) = preSolution
		Debug|Any CPU = Debug|Any CPU
		Release|Any CPU = Release|Any CPU
	EndGlobalSection
	GlobalSection(ProjectConfigurationPlatforms) = postSolution
		{4B638625-2747-4252-B16D-D1D7E8B2CB54}.Debug|Any CPU.ActiveCfg = Debug|Any CPU
		{4B638625-2747-4252-B16D-D1D7E8B2CB54}.Debug|Any CPU.Build.0 = Debug|Any CPU
		{4B638625-2747-4252-B16D-D1D7E8B2CB54}.Release|Any CPU.ActiveCfg = Release|Any CPU
		{4B638625-2747-4252-B16D-D1D7E8B2CB54}.Release|Any CPU.Build.0 = Release|Any CPU
		{839BDD7B-E8DA-42E5-8FE4-C5E3288B0876}.Debug|Any CPU.ActiveCfg = Debug|Any CPU
		{839BDD7B-E8DA-42E5-8FE4-C5E3288B0876}.Debug|Any CPU.Build.0 = Debug|Any CPU
		{839BDD7B-E8DA-42E5-8FE4-C5E3288B0876}.Release|Any CPU.ActiveCfg = Release|Any CPU
		{839BDD7B-E8DA-42E5-8FE4-C5E3288B0876}.Release|Any CPU.Build.0 = Release|Any CPU
	EndGlobalSection
	GlobalSection(SolutionProperties) = preSolution
		HideSolutionNode = FALSE
	EndGlobalSection
	GlobalSection(ExtensibilityGlobals) = postSolution
		SolutionGuid = {A13DED49-068C-42C4-B248-C62124D627F7}
	EndGlobalSection
EndGlobal
